PackratFormat: 1.4
PackratVersion: 0.4.9.3
RVersion: 3.5.1
Repos: CRAN=https://cran.rstudio.com/

Package: BH
Source: CRAN
Version: 1.66.0-1
Hash: 4cc8883584b955ed01f38f68bc03af6d

Package: DBI
Source: CRAN
Version: 1.0.0
Hash: 6abedd7919c4457604c0aa44529a6683

Package: DT
Source: CRAN
Version: 0.4
Hash: a6e844446350a7128c734516fa8215e3
Requires: crosstalk, htmltools, htmlwidgets, magrittr

Package: PKI
Source: CRAN
Version: 0.1-5.1
Hash: 8c194fb34ebaab38a13e43ce84feedee
Requires: base64enc

Package: R6
Source: CRAN
Version: 2.2.2
Hash: b2366cd9d2f3851a5704b4e192b985c2

Package: RColorBrewer
Source: CRAN
Version: 1.1-2
Hash: c0d56cd15034f395874c870141870c25

Package: RCurl
Source: CRAN
Version: 1.95-4.11
Hash: 98b1b04db217dc56baca68aa34079fdd
Requires: bitops

Package: RJSONIO
Source: CRAN
Version: 1.3-0
Hash: fb672e20eb6f3010a3639f855d8ef6de

Package: RSQLite
Source: CRAN
Version: 2.1.1
Hash: 5ce488773a12f7ac51adea6ba247624d
Requires: BH, DBI, Rcpp, bit64, blob, memoise, pkgconfig, plogr

Package: Rcpp
Source: CRAN
Version: 0.12.18
Hash: c80398774358bc105b9f91f7f7519d7a

Package: assertthat
Source: CRAN
Version: 0.2.0
Hash: e8805df54c65ac96d50235c44a82615c

Package: audio
Source: CRAN
Version: 0.1-5.1
Hash: d92e1815871bf74b5e129d4c5f0050ac

Package: backports
Source: CRAN
Version: 1.1.2
Hash: 5ae7b3466e529e4400951ca18c137e40

Package: base64enc
Source: CRAN
Version: 0.1-3
Hash: c590d29e555926af053055e23ee79efb

Package: bit
Source: CRAN
Version: 1.1-14
Hash: 704eb98fa9be263c95d00df4b2a448dd

Package: bit64
Source: CRAN
Version: 0.9-7
Hash: 4b195615d19ba49c114eb04e09e30a96
Requires: bit

Package: bitops
Source: CRAN
Version: 1.0-6
Hash: 67d0775189fd0041d95abca618c5c07e

Package: blob
Source: CRAN
Version: 1.1.1
Hash: 532700d8073e660dce40a984900bc647
Requires: prettyunits

Package: brew
Source: CRAN
Version: 1.0-6
Hash: 931f9972deae0f205e1c78a51f33149b

Package: caTools
Source: CRAN
Version: 1.17.1.1
Hash: 1764f9cb70825aa7a1c461e7514ffb73
Requires: bitops

Package: callr
Source: github
Version: 3.0.0
Hash: ea871542f267f4fe5e26925d29d6f29d
Requires: R6, base64enc, processx
GithubRepo: callr
GithubUsername: r-lib
GithubRef: master
GithubSha1: 0eed1ea4e66e1b5b21dbeefe175d30418ba245dc
RemoteHost: api.github.com
RemoteRepo: callr
RemoteUsername: r-lib
RemoteSha: 0eed1ea4e66e1b5b21dbeefe175d30418ba245dc

Package: cli
Source: github
Version: 1.0.0.9002
Hash: 231fd025f7a15312bfa29af3e10d27c9
Requires: R6, assertthat, crayon, fansi, glue, progress, selectr,
    withr, xml2
GithubRepo: cli
GithubUsername: r-lib
GithubRef: master
GithubSha1: 1ce51456bd1d8ee703e07065ccb8824862d09e73
RemoteHost: api.github.com
RemoteRepo: cli
RemoteUsername: r-lib
RemoteSha: 1ce51456bd1d8ee703e07065ccb8824862d09e73

Package: clipr
Source: CRAN
Version: 0.4.1
Hash: caf20ae357bfa2ed50e0e7db267f69ce

Package: clisymbols
Source: CRAN
Version: 1.2.0
Hash: a76a309884277a4fd8a5d741965fbef5

Package: colorspace
Source: CRAN
Version: 1.3-2
Hash: 0bf8618b585fa98eb23414cd3ab95118

Package: commonmark
Source: CRAN
Version: 1.5
Hash: 432a16a9967055dad6b39f1c14fd6b2c

Package: covr
Source: github
Version: 3.1.0
Hash: 6022dedb19a9462e0496ae14615810da
Requires: crayon, digest, httr, jsonlite, rex, withr
GithubRepo: covr
GithubUsername: r-lib
GithubRef: master
GithubSha1: e15d96cf088821b6bcbadb89595ed35c3d50f811
RemoteHost: https://api.github.com
RemoteRepo: covr
RemoteUsername: r-lib
RemoteSha: e15d96cf088821b6bcbadb89595ed35c3d50f811

Package: crancache
Source: github
Version: 0.0.0.9000
Hash: 534a806e0a083e675c71f60fb3f2b7b3
Requires: callr, cranlike, curl, desc, digest, parsedate, rappdirs,
    withr
GithubRepo: crancache
GithubUsername: r-lib
GithubRef: master
GithubSha1: e2185c76b6fcd36c9970cfa22ffd2cb62b13eb53
RemoteHost: api.github.com
RemoteRepo: crancache
RemoteUsername: r-lib
RemoteSha: e2185c76b6fcd36c9970cfa22ffd2cb62b13eb53

Package: cranlike
Source: github
Version: 1.0.1.9001
Hash: 228d02131e3aa54af9a684864a6511ad
Requires: DBI, RSQLite, debugme, desc
GithubRepo: cranlike
GithubUsername: r-hub
GithubRef: master
GithubSha1: 3c72c14ea25a6cfe7b5585cef871ab1711a5aee9
RemoteHost: api.github.com
RemoteRepo: cranlike
RemoteUsername: r-hub
RemoteSha: 3c72c14ea25a6cfe7b5585cef871ab1711a5aee9

Package: crayon
Source: CRAN
Version: 1.3.4
Hash: ff2840dd9b0d563fc80377a5a45510cd

Package: crosstalk
Source: CRAN
Version: 1.0.0
Hash: c13adea5906fbe2becfcb5f843b26749
Requires: R6, ggplot2, htmltools, jsonlite, lazyeval, shiny

Package: curl
Source: CRAN
Version: 3.2
Hash: e3318ec2d42d15a38485bab047d114ba

Package: debugme
Source: CRAN
Version: 1.1.0
Hash: c233690edd9fa17a63f7c8d83c1ca153
Requires: crayon

Package: desc
Source: github
Version: 1.2.0
Hash: acb5cf9e16dd327a0d0fc6ab6522939d
Requires: R6, assertthat, crayon, rprojroot
GithubRepo: desc
GithubUsername: r-lib
GithubRef: master
GithubSha1: 4f60833fdb6d1aae4cbf09b7eb293c5fa0770e5c
RemoteHost: api.github.com
RemoteRepo: desc
RemoteUsername: r-lib
RemoteSha: 4f60833fdb6d1aae4cbf09b7eb293c5fa0770e5c

Package: devtools
Source: github
Version: 1.13.6.9000
Hash: dd085b2f37d87787a7aaaa78ac29529f
Requires: callr, cli, digest, git2r, httr, jsonlite, memoise, pkgbuild,
    pkgload, rcmdcheck, rstudioapi, usethis, withr
GithubRepo: devtools
GithubUsername: r-lib
GithubRef: master
GithubSha1: 2d012d171b77fcfb54684ba1472797ccd0950709
RemoteHost: https://api.github.com
RemoteRepo: devtools
RemoteUsername: r-lib
RemoteSha: 2d012d171b77fcfb54684ba1472797ccd0950709

Package: digest
Source: CRAN
Version: 0.6.16
Hash: 6a025f0eaa147827d9843f25d86b5d23

Package: doSNOW
Source: CRAN
Version: 1.0.16
Hash: fa059310e2902a619e06ad62ffc0a578
Requires: foreach, iterators, snow

Package: enc
Source: CRAN
Version: 0.2.0
Hash: d7625df773f4a18ffb69ed0961f720d7

Package: evaluate
Source: CRAN
Version: 0.11
Hash: 2d90e734f5c12a3473f4be8ef3c15ebb
Requires: stringr

Package: fansi
Source: CRAN
Version: 0.3.0
Hash: 8d0a24d8245abbfa2b030460734495ab

Package: foreach
Source: CRAN
Version: 1.4.4
Hash: 4df5ab2c8c35382dacab75d414da6748
Requires: iterators

Package: fs
Source: CRAN
Version: 1.2.5
Hash: 6a914517bc7770d6672da55de125c12c
Requires: Rcpp

Package: ggplot2
Source: CRAN
Version: 3.0.0
Hash: 8332448b76ff31472a1bf6dd31fcddb1
Requires: digest, gtable, lazyeval, plyr, reshape2, rlang, scales,
    tibble, viridisLite, withr

Package: gh
Source: CRAN
Version: 1.0.1
Hash: 0fafa863f1a86a1f1966e5d5b46a48b5
Requires: httr, ini, jsonlite

Package: git2r
Source: CRAN
Version: 0.23.0
Hash: f7190a7a4b5c5f0983b4b6ee29ed7bc3

Package: glue
Source: CRAN
Version: 1.3.0
Hash: 1fbde6dec830370be696eee8ef31c9e4

Package: gmailr
Source: CRAN
Version: 0.7.1
Hash: 69302be7fe9b4dbb2d1e971e63e4703c
Requires: base64enc, crayon, httr, jsonlite, magrittr, mime

Package: gtable
Source: CRAN
Version: 0.2.0
Hash: cd78381a9d3fea966ac39bd0daaf5554

Package: highlight
Source: CRAN
Version: 0.4.7.2
Hash: 829e60dc007d762127c653343dc6bfcf

Package: highr
Source: CRAN
Version: 0.7
Hash: 20757f5c393ed0ecf96c9e8e6d8d514c

Package: hms
Source: CRAN
Version: 0.4.2
Hash: b4096a4f6a6736138e9a825c2baaacf0
Requires: pkgconfig, rlang

Package: htmltools
Source: CRAN
Version: 0.3.6
Hash: 87bd72cdfc46f686bbd46b180cb5f0b5
Requires: Rcpp, digest

Package: htmlwidgets
Source: CRAN
Version: 1.2
Hash: de18b75f31630089b22e30d4b188cfbe
Requires: htmltools, jsonlite, yaml

Package: httpuv
Source: CRAN
Version: 1.4.5
Hash: a21b769562c800e73d417208d7b242ab
Requires: BH, Rcpp, later, promises

Package: httr
Source: CRAN
Version: 1.3.1
Hash: 2d32e01e53d532c812052e27a1021441
Requires: R6, curl, jsonlite, mime, openssl

Package: hunspell
Source: CRAN
Version: 2.9
Hash: 81a71268e04eb04d4453b1117465dce9
Requires: Rcpp, digest

Package: igraph
Source: CRAN
Version: 1.2.2
Hash: 1e95612a0034372c6a387fbeff90992f
Requires: magrittr, pkgconfig

Package: ini
Source: CRAN
Version: 0.3.1
Hash: 9d6de5178c1cedabfb24e7d2acc9a092

Package: iterators
Source: CRAN
Version: 1.0.10
Hash: 9f8af91e4a3487a282d7dea67513e519

Package: jsonlite
Source: CRAN
Version: 1.5
Hash: 9c51936d8dd00b2f1d4fe9d10499694c

Package: knitr
Source: CRAN
Version: 1.20
Hash: 9c6b215d1d02b97586c8232e94533e6a
Requires: evaluate, highr, markdown, stringr, yaml

Package: labeling
Source: CRAN
Version: 0.3
Hash: ecf589b42cd284b03a4beb9665482d3e

Package: later
Source: CRAN
Version: 0.7.3
Hash: 087b02f5b287d252fc78a4489de3ff3b
Requires: BH, Rcpp, rlang

Package: lazyeval
Source: CRAN
Version: 0.2.1
Hash: 88926ad9c43581fd0822a37c8ed09f05

Package: lintr
Source: github
Version: 1.0.2.9000
Hash: 8f041307070a9ba5bed7103ef73d0e66
Requires: crayon, digest, httr, jsonlite, knitr, rex, rstudioapi,
    stringdist, testthat, xml2, xmlparsedata
GithubRepo: lintr
GithubUsername: jimhester
GithubRef: master
GithubSha1: 38b044eaf4c8de6a77ea8a3672c8ca825a8562f0
RemoteHost: https://api.github.com
RemoteRepo: lintr
RemoteUsername: jimhester
RemoteSha: 38b044eaf4c8de6a77ea8a3672c8ca825a8562f0

Package: magrittr
Source: CRAN
Version: 1.5
Hash: bdc4d48c3135e8f3b399536ddf160df4

Package: markdown
Source: CRAN
Version: 0.8
Hash: 045d7c594d503b41f1c28946d076c8aa
Requires: mime

Package: memoise
Source: CRAN
Version: 1.1.0
Hash: 410fcd334bc626db100237cc1370f2e9
Requires: digest

Package: microbenchmark
Source: CRAN
Version: 1.4-4
Hash: a42147966106d4a16d5e4823da6dc1e4

Package: mime
Source: CRAN
Version: 0.5
Hash: 463550cf44fb6f0a2359368f42eebe62

Package: miniUI
Source: CRAN
Version: 0.1.1.1
Hash: c7e3ea486421c2fa5b03bb7fcd0415f6
Requires: htmltools, shiny

Package: munsell
Source: CRAN
Version: 0.5.0
Hash: 247d1c1d72f3072563912ef860758624
Requires: colorspace

Package: openssl
Source: CRAN
Version: 1.0.2
Hash: 12a42cbd5aecdb887782247856ccbafd

Package: packrat
Source: CRAN
Version: 0.4.9-3
Hash: 03fb817297975f1da0d1b774b47620b3

Package: parsedate
Source: CRAN
Version: 1.1.3
Hash: 85902ad85833c2e722af340d486ef256

Package: pillar
Source: CRAN
Version: 1.3.0
Hash: 3e43f774fa6dfba877caca1aebbeaa6a
Requires: cli, crayon, fansi, rlang, utf8

Package: pkgbuild
Source: CRAN
Version: 1.0.0
Hash: 0a49f0fd623849e51386a274c6ebdbd9
Requires: R6, callr, crayon, desc, rprojroot, withr

Package: pkgconfig
Source: CRAN
Version: 2.0.2
Hash: b0fd6ed908e150b77e5f00c6478bd58c

Package: pkgdown
Source: CRAN
Version: 1.1.0
Hash: ec5ebb5a5da90db263be594fe2c254c0
Requires: R6, callr, cli, crayon, desc, devtools, digest, evaluate, fs,
    highlight, httr, magrittr, memoise, purrr, rematch, rlang,
    rmarkdown, roxygen2, rsconnect, rstudioapi, tibble, whisker, xml2,
    yaml

Package: pkgload
Source: CRAN
Version: 1.0.0
Hash: 4e38eacecfe8616754a63c876e63142b
Requires: desc, pkgbuild, rlang, rprojroot, rstudioapi, withr

Package: plogr
Source: CRAN
Version: 0.2.0
Hash: 81a8008a5e7858552503935f1abe48aa

Package: plyr
Source: CRAN
Version: 1.8.4
Hash: 05d65ee369a267f0d0c56604000c69b5
Requires: Rcpp

Package: pracma
Source: CRAN
Version: 2.1.5
Hash: 297dffb9be31c1227d5febf4f98a800c

Package: praise
Source: CRAN
Version: 1.0.0
Hash: 77da8f1df873a4b91e5c4a68fe2fb1b6

Package: prettyunits
Source: CRAN
Version: 1.0.2
Hash: 49286102a855640daaa38eafe8b1ec30
Requires: assertthat, magrittr

Package: processx
Source: github
Version: 3.2.0.9000
Hash: c5bf27d4f13306e948dfc10ac5e1bfd5
Requires: R6, assertthat, crayon, ps
GithubRepo: processx
GithubUsername: r-lib
GithubRef: master
GithubSha1: 299e1aeef36aec2a3e7ec24245e47022de59945a
RemoteHost: https://api.github.com
RemoteRepo: processx
RemoteUsername: r-lib
RemoteSha: 299e1aeef36aec2a3e7ec24245e47022de59945a

Package: progress
Source: github
Version: 1.2.0
Hash: c2beada98e1d490daf2b221763f3875c
Requires: R6, crayon, hms, prettyunits
GithubRepo: progress
GithubUsername: r-lib
GithubRef: master
GithubSha1: 842852869af44a8618e948485b24cdbaf2829736
RemoteHost: api.github.com
RemoteRepo: progress
RemoteUsername: r-lib
RemoteSha: 842852869af44a8618e948485b24cdbaf2829736

Package: promises
Source: CRAN
Version: 1.0.1
Hash: 1e5d5469b95be6e1b6cd8c35e3bdea60
Requires: R6, Rcpp, later, magrittr, rlang

Package: ps
Source: CRAN
Version: 1.1.0
Hash: 730119cd27ec2d3270bc572a532e3f81

Package: purrr
Source: CRAN
Version: 0.2.5
Hash: 8b0c16db10c7e20b70cd37779a673a8b
Requires: magrittr, rlang, tibble

Package: rappdirs
Source: CRAN
Version: 0.3.1
Hash: 7340cfebc77ad7b107a549a8635e64dd

Package: rcmdcheck
Source: github
Version: 1.2.1.9005
Hash: a3b1a5a9401e51a8a7e3b52d112f388d
Requires: R6, callr, clisymbols, crayon, desc, digest, prettyunits,
    rprojroot, withr
GithubRepo: rcmdcheck
GithubUsername: r-lib
GithubRef: master
GithubSha1: ad42561aa6e06297367455546b6312dcf59282b6
RemoteHost: api.github.com
RemoteRepo: rcmdcheck
RemoteUsername: r-lib
RemoteSha: ad42561aa6e06297367455546b6312dcf59282b6

Package: rematch
Source: CRAN
Version: 1.0.1
Hash: ad4faf59e7611117ff165817074c50c7

Package: rematch2
Source: CRAN
Version: 2.0.1
Hash: b7f86a340a404c69cfb770dfd2081dd9
Requires: tibble

Package: remotes
Source: github
Version: 1.1.1.9000
Hash: 9956781dbd957ec7175a8a9ebcfdb198
GithubRepo: remotes
GithubUsername: r-lib
GithubRef: master
GithubSha1: d518ca1038991641c12260c3551b8f37b95032f4
RemoteHost: api.github.com
RemoteRepo: remotes
RemoteUsername: r-lib
RemoteSha: d518ca1038991641c12260c3551b8f37b95032f4

Package: reprex
Source: CRAN
Version: 0.2.0
Hash: d2b97b85312b861e71650fbc6a2aea2c
Requires: callr, clipr, rlang, rmarkdown, whisker, withr

Package: reshape2
Source: CRAN
Version: 1.4.3
Hash: a08472524968be4e233b4c8d0ae5aef1
Requires: Rcpp, plyr, stringr

Package: revdepcheck
Source: github
Version: 1.0.0.9000
Hash: f2091d76552847c80ccd612dcde54851
Requires: DBI, RSQLite, assertthat, callr, cli, clisymbols, crancache,
    crayon, desc, glue, gmailr, jsonlite, knitr, prettyunits, processx,
    progress, rcmdcheck, remotes, sessioninfo, whoami, withr, yaml
GithubRepo: revdepcheck
GithubUsername: r-lib
GithubRef: master
GithubSha1: ee4ca3a7747d6f1f4b77edb900100be969fd30ba
RemoteHost: api.github.com
RemoteRepo: revdepcheck
RemoteUsername: r-lib
RemoteSha: ee4ca3a7747d6f1f4b77edb900100be969fd30ba

Package: rex
Source: CRAN
Version: 1.1.2
Hash: 57541aaae58f1a284a398f5c62c95097
Requires: lazyeval, magrittr

Package: rhub
Source: CRAN
Version: 1.0.2
Hash: d9979f7dd6e9b5b85f6527943b4648ee
Requires: R6, assertthat, callr, clisymbols, crayon, desc, httr,
    jsonlite, parsedate, prettyunits, rappdirs, rcmdcheck, rematch,
    whoami, withr

Package: rlang
Source: CRAN
Version: 0.2.2
Hash: 49b735b7b1d14f561d21cce12c6703df

Package: rmarkdown
Source: CRAN
Version: 1.10
Hash: 02f1aac33000c63986c6b5585e36e7ae
Requires: base64enc, evaluate, htmltools, jsonlite, knitr, mime,
    rprojroot, stringr, tinytex, yaml

Package: roxygen2
Source: CRAN
Version: 6.1.0
Hash: 92a56f03051cf532b3e5b61095854167
Requires: R6, Rcpp, brew, commonmark, desc, digest, pkgload, purrr,
    stringi, stringr, xml2

Package: rprojroot
Source: CRAN
Version: 1.3-2
Hash: a25c3f70c166fb3fbabc410eb32b6366
Requires: backports

Package: rsconnect
Source: CRAN
Version: 0.8.8
Hash: 65aaa7b253eda0ec1dcd1b1352c7b3ee
Requires: PKI, RCurl, RJSONIO, digest, packrat, rstudioapi, yaml

Package: rstudioapi
Source: CRAN
Version: 0.7
Hash: e2ebaff8160aff3e6b32e6e78a693c2d

Package: rversions
Source: CRAN
Version: 1.0.3
Hash: 44837671df6bf1d0b863dc6f83f42a16
Requires: curl, xml2

Package: scales
Source: CRAN
Version: 1.0.0
Hash: 17b6945d25b9288cdf03f5e5005842dc
Requires: R6, RColorBrewer, Rcpp, labeling, munsell, viridisLite

Package: selectr
Source: CRAN
Version: 0.4-1
Hash: b12802c11e35dec9d16a74d30ed0f3ed
Requires: R6, stringr

Package: sessioninfo
Source: CRAN
Version: 1.0.0
Hash: 476aebe8359d1cbd68169a2f28f2fb7d
Requires: clisymbols, withr

Package: shiny
Source: CRAN
Version: 1.1.0
Hash: ab653b45dba6dc82eef68fb1e18a3b1a
Requires: R6, crayon, digest, htmltools, httpuv, jsonlite, later, mime,
    promises, rlang, sourcetools, xtable

Package: snow
Source: CRAN
Version: 0.4-2
Hash: bf705214a3d32b037dd24940931c289e

Package: sourcetools
Source: CRAN
Version: 0.1.7
Hash: d093478ac90064e670cd4bf1a99b47b6

Package: spelling
Source: CRAN
Version: 1.2
Hash: 084f65bd10a7253f957b616a3a257194
Requires: commonmark, hunspell, knitr, xml2

Package: stringdist
Source: CRAN
Version: 0.9.5.1
Hash: dbcc044753e1745d707f20b4b6fa1634

Package: stringi
Source: CRAN
Version: 1.1.7
Hash: d3dbb18da9a7b73a5b59416e33ad2cbd

Package: stringr
Source: CRAN
Version: 1.3.1
Hash: 9f417a1d899ed1f080942ab36998e8b5
Requires: glue, magrittr, stringi

Package: styler
Source: CRAN
Version: 1.0.2
Hash: a803f5288519f928124d6305af477120
Requires: backports, cli, enc, magrittr, purrr, rematch2, rlang,
    rprojroot, tibble, withr

Package: testthat
Source: CRAN
Version: 2.0.0
Hash: 537114b476376c5773bf3c557f5bbd19
Requires: R6, cli, crayon, digest, magrittr, praise, rlang, withr

Package: tibble
Source: CRAN
Version: 1.4.2
Hash: 83895360ce4f8d2ce92eee00526b5b0b
Requires: cli, crayon, pillar, rlang

Package: tinytex
Source: CRAN
Version: 0.6
Hash: a149d4e6a2f7d6422e063a19cca52bb9
Requires: xfun

Package: usethis
Source: CRAN
Version: 1.4.0
Hash: bdf0ce7802818c5dfc592dd73d62db5b
Requires: clipr, clisymbols, crayon, curl, desc, fs, gh, git2r, glue,
    rlang, rprojroot, rstudioapi, whisker

Package: utf8
Source: CRAN
Version: 1.1.4
Hash: f3f97ce59092abc8ed3fd098a59e236c

Package: viridisLite
Source: CRAN
Version: 0.3.0
Hash: 78bb072c4f9e729a283d4c40ec93f9c6

Package: whisker
Source: CRAN
Version: 0.3-2
Hash: 803d662762e532705c2c066a82d066e7

Package: whoami
Source: CRAN
Version: 1.1.2
Hash: 2133dd074905c45657fc95925e1d9d07
Requires: httr, jsonlite

Package: withr
Source: CRAN
Version: 2.1.2
Hash: d534108bcd5f34ec73e9eb523751ba20

Package: xfun
Source: CRAN
Version: 0.3
Hash: 3b1cb5fdcfb96c88e3f9ab0239fbd048

Package: xml2
Source: CRAN
Version: 1.2.0
Hash: 1ee43aa8f57efa79384f290459c138b6
Requires: Rcpp

Package: xmlparsedata
Source: github
Version: 1.0.1
Hash: 9a2345702a83646b1c48fc63a8cdf49f
GithubRepo: xmlparsedata
GithubUsername: cran
GithubRef: master
GithubSha1: 05dbfb796d14fe1a5a01588a138d470c22066f7a
RemoteHost: https://api.github.com
RemoteRepo: xmlparsedata
RemoteUsername: cran
RemoteSha: 05dbfb796d14fe1a5a01588a138d470c22066f7a

Package: xtable
Source: CRAN
Version: 1.8-2
Hash: 7293235cfcc14cdff1ce7fd1a0212031

Package: yaml
Source: CRAN
Version: 2.2.0
Hash: a5ad5616d83d89f8d84cbf3cf4034e13
