PackratFormat: 1.4
PackratVersion: 0.4.9.3
RVersion: 3.5.1
Repos: CRAN=https://cran.rstudio.com/

Package: BH
Source: CRAN
Version: 1.66.0-1
Hash: 4cc8883584b955ed01f38f68bc03af6d

Package: DBI
Source: CRAN
Version: 1.0.0
Hash: 6abedd7919c4457604c0aa44529a6683

Package: DT
Source: CRAN
Version: 0.4
Hash: a6e844446350a7128c734516fa8215e3
Requires: crosstalk, htmltools, htmlwidgets, magrittr

Package: PKI
Source: CRAN
Version: 0.1-5.1
Hash: 8c194fb34ebaab38a13e43ce84feedee
Requires: base64enc

Package: R6
Source: CRAN
Version: 2.3.0
Hash: 8eccabbf292b5aba632985cde6406fc3

Package: RColorBrewer
Source: CRAN
Version: 1.1-2
Hash: c0d56cd15034f395874c870141870c25

Package: RCurl
Source: CRAN
Version: 1.95-4.11
Hash: 98b1b04db217dc56baca68aa34079fdd
Requires: bitops

Package: RJSONIO
Source: CRAN
Version: 1.3-0
Hash: fb672e20eb6f3010a3639f855d8ef6de

Package: RSQLite
Source: CRAN
Version: 2.1.1
Hash: ea22a87a6d265c12ab15a276821b983e
Requires: BH, DBI, Rcpp, bit64, blob, memoise, pkgconfig, plogr

Package: Rcpp
Source: CRAN
Version: 0.12.19
Hash: fdff9c3aa69adac28cd5c45cd250c9da

Package: TTR
Source: CRAN
Version: 0.23-4
Hash: 90eb55714712ce8a3642c2e72a44e711
Requires: curl, xts, zoo

Package: assertthat
Source: CRAN
Version: 0.2.0
Hash: e8805df54c65ac96d50235c44a82615c

Package: audio
Source: CRAN
Version: 0.1-5.1
Hash: d92e1815871bf74b5e129d4c5f0050ac

Package: backports
Source: CRAN
Version: 1.1.2
Hash: 5ae7b3466e529e4400951ca18c137e40

Package: base64enc
Source: CRAN
Version: 0.1-3
Hash: c590d29e555926af053055e23ee79efb

Package: bit
Source: CRAN
Version: 1.1-14
Hash: 704eb98fa9be263c95d00df4b2a448dd

Package: bit64
Source: CRAN
Version: 0.9-7
Hash: 4b195615d19ba49c114eb04e09e30a96
Requires: bit

Package: bitops
Source: CRAN
Version: 1.0-6
Hash: 67d0775189fd0041d95abca618c5c07e

Package: blob
Source: CRAN
Version: 1.1.1
Hash: 532700d8073e660dce40a984900bc647
Requires: prettyunits

Package: brew
Source: CRAN
Version: 1.0-6
Hash: 931f9972deae0f205e1c78a51f33149b

Package: caTools
Source: CRAN
Version: 1.17.1.1
Hash: 1764f9cb70825aa7a1c461e7514ffb73
Requires: bitops

Package: callr
Source: github
Version: 3.0.0.9001
Hash: ac8f1c8d1535003d1b2af95a33fd4436
Requires: R6, base64enc, processx
GithubRepo: callr
GithubUsername: r-lib
GithubRef: master
GithubSha1: d0ea2b67cf437b80f21d8a3d5674c003a07cfe28
RemoteHost: api.github.com
RemoteRepo: callr
RemoteUsername: r-lib
RemoteSha: d0ea2b67cf437b80f21d8a3d5674c003a07cfe28

Package: cli
Source: github
Version: 1.0.1.9000
Hash: 23697bb69eaa688f7afd38d59d3dd622
Requires: assertthat, crayon
GithubRepo: cli
GithubUsername: r-lib
GithubRef: master
GithubSha1: 56538e33892696c0c33d66f2aaeba413fc38187e
RemoteHost: api.github.com
RemoteRepo: cli
RemoteUsername: r-lib
RemoteSha: 56538e33892696c0c33d66f2aaeba413fc38187e

Package: clipr
Source: CRAN
Version: 0.4.1
Hash: caf20ae357bfa2ed50e0e7db267f69ce

Package: clisymbols
Source: CRAN
Version: 1.2.0
Hash: a76a309884277a4fd8a5d741965fbef5

Package: colorspace
Source: CRAN
Version: 1.3-2
Hash: 0bf8618b585fa98eb23414cd3ab95118

Package: commonmark
Source: CRAN
Version: 1.6
Hash: c0870944e53f9570e1a84bab56f18b85

Package: covr
Source: github
Version: 3.2.0.9000
Hash: c6c5b4f508058affeacbc8fc9f161c06
Requires: crayon, digest, httr, jsonlite, rex, withr
GithubRepo: covr
GithubUsername: r-lib
GithubRef: master
GithubSha1: 6e07b5cd27a8dcca01a828919bda2ad422452ef3
RemoteHost: https://api.github.com
RemoteRepo: covr
RemoteUsername: r-lib
RemoteSha: 6e07b5cd27a8dcca01a828919bda2ad422452ef3

Package: crancache
Source: github
Version: 0.0.0.9000
Hash: 534a806e0a083e675c71f60fb3f2b7b3
Requires: callr, cranlike, curl, desc, digest, parsedate, rappdirs,
    withr
GithubRepo: crancache
GithubUsername: r-lib
GithubRef: master
GithubSha1: e2185c76b6fcd36c9970cfa22ffd2cb62b13eb53
RemoteHost: api.github.com
RemoteRepo: crancache
RemoteUsername: r-lib
RemoteSha: e2185c76b6fcd36c9970cfa22ffd2cb62b13eb53

Package: cranlike
Source: github
Version: 1.0.1.9001
Hash: 228d02131e3aa54af9a684864a6511ad
Requires: DBI, RSQLite, debugme, desc
GithubRepo: cranlike
GithubUsername: r-hub
GithubRef: master
GithubSha1: 3c72c14ea25a6cfe7b5585cef871ab1711a5aee9
RemoteHost: api.github.com
RemoteRepo: cranlike
RemoteUsername: r-hub
RemoteSha: 3c72c14ea25a6cfe7b5585cef871ab1711a5aee9

Package: cranlogs
Source: github
Version: 2.1.1
Hash: 6811357ef92c6f13a4a1c3d1cfc0a9e2
Requires: httr, jsonlite
GithubRepo: cranlogs
GithubUsername: metacran
GithubRef: master
GithubSha1: 554a99ef6089d5618e6fe64d580aa217bb7558e3
RemoteHost: https://api.github.com
RemoteRepo: cranlogs
RemoteUsername: metacran
RemoteSha: 554a99ef6089d5618e6fe64d580aa217bb7558e3

Package: crayon
Source: CRAN
Version: 1.3.4
Hash: ff2840dd9b0d563fc80377a5a45510cd

Package: crosstalk
Source: CRAN
Version: 1.0.0
Hash: c13adea5906fbe2becfcb5f843b26749
Requires: R6, ggplot2, htmltools, jsonlite, lazyeval, shiny

Package: curl
Source: CRAN
Version: 3.2
Hash: e3318ec2d42d15a38485bab047d114ba

Package: cyclocomp
Source: CRAN
Version: 1.1.0
Hash: 133e3c2a4de6924cc4bc4716970ef09e
Requires: callr, crayon, desc, remotes, withr

Package: debugme
Source: CRAN
Version: 1.1.0
Hash: c233690edd9fa17a63f7c8d83c1ca153
Requires: crayon

Package: desc
Source: github
Version: 1.2.0
Hash: a3ea235e349b88ba170231dd7f7a7d64
Requires: R6, assertthat, crayon, rprojroot
GithubRepo: desc
GithubUsername: r-lib
GithubRef: master
GithubSha1: 7c12d369c202018dfc3dfa3f975f03c8b6c18437
RemoteHost: api.github.com
RemoteRepo: desc
RemoteUsername: r-lib
RemoteSha: 7c12d369c202018dfc3dfa3f975f03c8b6c18437

Package: devtools
Source: github
Version: 1.13.6.9000
Hash: 043e65ac00baf32bea15fbcc417624b9
Requires: callr, cli, digest, git2r, httr, jsonlite, memoise, pkgbuild,
    pkgload, rcmdcheck, remotes, rstudioapi, sessioninfo, usethis,
    withr
GithubRepo: devtools
GithubUsername: r-lib
GithubRef: master
GithubSha1: 95ba7657d7da116d08e900a5b5078f3a47d038a5
RemoteHost: https://api.github.com
RemoteRepo: devtools
RemoteUsername: r-lib
RemoteSha: 95ba7657d7da116d08e900a5b5078f3a47d038a5

Package: digest
Source: CRAN
Version: 0.6.18
Hash: 65f62365ec69ddd17230d2ffe891a6ab

Package: doParallel
Source: CRAN
Version: 1.0.14
Hash: 7e564b9d723d8648b18457baba2a1383
Requires: foreach, iterators

Package: doSNOW
Source: CRAN
Version: 1.0.16
Hash: fa059310e2902a619e06ad62ffc0a578
Requires: foreach, iterators, snow

Package: enc
Source: CRAN
Version: 0.2.0
Hash: d7625df773f4a18ffb69ed0961f720d7

Package: evaluate
Source: CRAN
Version: 0.12
Hash: c32505adba4f6eca5aa20dd32300b019

Package: fansi
Source: CRAN
Version: 0.4.0
Hash: f147621f72b561485bfffcae78c4f5d5

Package: fontBitstreamVera
Source: CRAN
Version: 0.1.1
Hash: 2caf9660eaeb04b54c5743d2244ab4df

Package: fontLiberation
Source: CRAN
Version: 0.1.0
Hash: 6b377208036371a563e7e97ad40aeba6

Package: fontquiver
Source: CRAN
Version: 0.2.1
Hash: 1bf3df50b61659ccb16cec993ec16ed3
Requires: fontBitstreamVera, fontLiberation

Package: foreach
Source: CRAN
Version: 1.4.4
Hash: 4df5ab2c8c35382dacab75d414da6748
Requires: iterators

Package: fs
Source: CRAN
Version: 1.2.6
Hash: 88d3a977a2fca91cc44c36f8717bc481
Requires: Rcpp

Package: gdata
Source: CRAN
Version: 2.18.0
Hash: 62797fafa287d1845a014c615d46e50c
Requires: gtools

Package: gdtools
Source: CRAN
Version: 0.1.7
Hash: 1cce66a628a2682507cdcf6f1b4c9826
Requires: Rcpp, withr

Package: ggplot2
Source: CRAN
Version: 3.0.0
Hash: 8332448b76ff31472a1bf6dd31fcddb1
Requires: digest, gtable, lazyeval, plyr, reshape2, rlang, scales,
    tibble, viridisLite, withr

Package: gh
Source: CRAN
Version: 1.0.1
Hash: 0fafa863f1a86a1f1966e5d5b46a48b5
Requires: httr, ini, jsonlite

Package: git2r
Source: CRAN
Version: 0.23.0
Hash: f7190a7a4b5c5f0983b4b6ee29ed7bc3

Package: glue
Source: CRAN
Version: 1.3.0
Hash: 1fbde6dec830370be696eee8ef31c9e4

Package: gmailr
Source: CRAN
Version: 0.7.1
Hash: 69302be7fe9b4dbb2d1e971e63e4703c
Requires: base64enc, crayon, httr, jsonlite, magrittr, mime

Package: goodpractice
Source: CRAN
Version: 1.0.2
Hash: 43d8fb4126c1161c33b52c0d40565e79
Requires: clisymbols, covr, crayon, cyclocomp, desc, jsonlite, lintr,
    praise, rcmdcheck, rstudioapi, whoami, withr, xml2, xmlparsedata

Package: gplots
Source: CRAN
Version: 3.0.1
Hash: b7abe122479c203aa236499b7fc4b816
Requires: caTools, gdata, gtools

Package: gtable
Source: CRAN
Version: 0.2.0
Hash: cd78381a9d3fea966ac39bd0daaf5554

Package: gtools
Source: CRAN
Version: 3.8.1
Hash: 6cb09dd6faf3aeac5c5acae55bfa6495

Package: highlight
Source: CRAN
Version: 0.4.7.2
Hash: 829e60dc007d762127c653343dc6bfcf

Package: highr
Source: CRAN
Version: 0.7
Hash: 20757f5c393ed0ecf96c9e8e6d8d514c

Package: hms
Source: CRAN
Version: 0.4.2
Hash: b4096a4f6a6736138e9a825c2baaacf0
Requires: pkgconfig, rlang

Package: htmltools
Source: CRAN
Version: 0.3.6
Hash: bd3273390b4c6499014589c2920f3152
Requires: Rcpp, digest

Package: htmlwidgets
Source: CRAN
Version: 1.3
Hash: 17a2248b5e40383a1cb1a4e4cb5f9c7a
Requires: htmltools, jsonlite, yaml

Package: httpuv
Source: CRAN
Version: 1.4.5
Hash: 735df7155698802cc69f08d5e30d62a0
Requires: BH, Rcpp, later, promises

Package: httr
Source: CRAN
Version: 1.3.1
Hash: 2d32e01e53d532c812052e27a1021441
Requires: R6, curl, jsonlite, mime, openssl

Package: hunspell
Source: CRAN
Version: 2.9
Hash: fcf9ae1693a1d15e433a2b3655c276e5
Requires: Rcpp, digest

Package: igraph
Source: CRAN
Version: 1.2.2
Hash: 1e95612a0034372c6a387fbeff90992f
Requires: magrittr, pkgconfig

Package: ini
Source: CRAN
Version: 0.3.1
Hash: 9d6de5178c1cedabfb24e7d2acc9a092

Package: iterators
Source: CRAN
Version: 1.0.10
Hash: 9f8af91e4a3487a282d7dea67513e519

Package: jpeg
Source: CRAN
Version: 0.1-8
Hash: 189af3df9864c6aa8546033f08ba9358

Package: jsonlite
Source: CRAN
Version: 1.5
Hash: 9c51936d8dd00b2f1d4fe9d10499694c

Package: knitr
Source: CRAN
Version: 1.20
Hash: 9c6b215d1d02b97586c8232e94533e6a
Requires: evaluate, highr, markdown, stringr, yaml

Package: labeling
Source: CRAN
Version: 0.3
Hash: ecf589b42cd284b03a4beb9665482d3e

Package: later
Source: CRAN
Version: 0.7.5
Hash: 24fa9d6198530e5e3360303010f3f673
Requires: BH, Rcpp, rlang

Package: lazyeval
Source: CRAN
Version: 0.2.1
Hash: 88926ad9c43581fd0822a37c8ed09f05

Package: lintr
Source: github
Version: 1.0.2.9000
Hash: 6ec0cc2752b7ad887d69751f3ac74193
Requires: crayon, digest, httr, jsonlite, knitr, rex, rstudioapi,
    stringdist, testthat, xml2, xmlparsedata
GithubRepo: lintr
GithubUsername: jimhester
GithubRef: master
GithubSha1: 4ade1fcec64338146692abc2fb1de511b8c2cf77
RemoteHost: https://api.github.com
RemoteRepo: lintr
RemoteUsername: jimhester
RemoteSha: 4ade1fcec64338146692abc2fb1de511b8c2cf77

Package: magrittr
Source: CRAN
Version: 1.5
Hash: bdc4d48c3135e8f3b399536ddf160df4

Package: manipulateWidget
Source: CRAN
Version: 0.10.0
Hash: 3b809717d5d6355fccd0670f249b7bf3
Requires: base64enc, htmltools, htmlwidgets, knitr, miniUI, shiny,
    webshot

Package: markdown
Source: CRAN
Version: 0.8
Hash: 045d7c594d503b41f1c28946d076c8aa
Requires: mime

Package: memoise
Source: CRAN
Version: 1.1.0
Hash: 410fcd334bc626db100237cc1370f2e9
Requires: digest

Package: microbenchmark
Source: CRAN
Version: 1.4-5
Hash: 9092a6b284a07f20471e3b5e25b99d73

Package: mime
Source: CRAN
Version: 0.6
Hash: 2ed8f98b8284ad733f3907fc6e2f1334

Package: miniUI
Source: CRAN
Version: 0.1.1.1
Hash: c7e3ea486421c2fa5b03bb7fcd0415f6
Requires: htmltools, shiny

Package: minpack.lm
Source: CRAN
Version: 1.2-1
Hash: 88a03e2293868661e3471b440558bc7c

Package: munsell
Source: CRAN
Version: 0.5.0
Hash: 247d1c1d72f3072563912ef860758624
Requires: colorspace

Package: namespace
Source: CRAN
Version: 0.9.1
Hash: b5153a9aa3d422ae8da5caded75f80a9

Package: openssl
Source: CRAN
Version: 1.0.2
Hash: 12a42cbd5aecdb887782247856ccbafd

Package: packrat
Source: CRAN
Version: 0.4.9-3
Hash: 03fb817297975f1da0d1b774b47620b3

Package: parsedate
Source: CRAN
Version: 1.1.3
Hash: 85902ad85833c2e722af340d486ef256

Package: permute
Source: CRAN
Version: 0.9-4
Hash: 9e0f52c901043914869df608e0c5fa98

Package: pillar
Source: CRAN
Version: 1.3.0
Hash: 3e43f774fa6dfba877caca1aebbeaa6a
Requires: cli, crayon, fansi, rlang, utf8

Package: pixmap
Source: CRAN
Version: 0.4-11
Hash: 7fb7f9a871c381ec3a5b5799b4453faf

Package: pkgapi
Source: github
Version: 1.0.0
Hash: 4e5f646731ce74e2cb62e97df9c11d7d
Requires: callr, pkgload, roxygen2, usethis, withr
GithubRepo: pkgapi
GithubUsername: r-lib
GithubRef: master
GithubSha1: 2464d224630c6bc1b7e68b5448096a0baebbe8ec
RemoteHost: api.github.com
RemoteRepo: pkgapi
RemoteUsername: r-lib
RemoteSha: 2464d224630c6bc1b7e68b5448096a0baebbe8ec

Package: pkgbuild
Source: github
Version: 1.0.1.9000
Hash: 8b2520ad2d9b871d8efbe5c24cfac4f2
Requires: R6, callr, cli, crayon, desc, prettyunits, rprojroot, withr
GithubRepo: pkgbuild
GithubUsername: r-lib
GithubRef: master
GithubSha1: 446d70c98458751923e40a2641dc6bbbc31b87a1
RemoteHost: https://api.github.com
RemoteRepo: pkgbuild
RemoteUsername: r-lib
RemoteSha: 446d70c98458751923e40a2641dc6bbbc31b87a1

Package: pkgconfig
Source: CRAN
Version: 2.0.2
Hash: b0fd6ed908e150b77e5f00c6478bd58c

Package: pkgdown
Source: CRAN
Version: 1.1.0
Hash: ec5ebb5a5da90db263be594fe2c254c0
Requires: R6, callr, cli, crayon, desc, devtools, digest, evaluate, fs,
    highlight, httr, magrittr, memoise, purrr, rematch, rlang,
    rmarkdown, roxygen2, rsconnect, rstudioapi, tibble, whisker, xml2,
    yaml

Package: pkgload
Source: github
Version: 1.0.1.9000
Hash: f35fe4bf255f2a155502dab8fde1376f
Requires: desc, pkgbuild, rlang, rprojroot, rstudioapi, withr
GithubRepo: pkgload
GithubUsername: r-lib
GithubRef: master
GithubSha1: c5a5b164210e4a1a39d42046c9525183cb63f6f4
RemoteHost: https://api.github.com
RemoteRepo: pkgload
RemoteUsername: r-lib
RemoteSha: c5a5b164210e4a1a39d42046c9525183cb63f6f4

Package: plogr
Source: CRAN
Version: 0.2.0
Hash: 81a8008a5e7858552503935f1abe48aa

Package: plyr
Source: CRAN
Version: 1.8.4
Hash: d1f100e0dbbf8d3f55aa701b07c62e35
Requires: Rcpp

Package: png
Source: CRAN
Version: 0.1-7
Hash: 421d7d6e0fb4bd885ecbd909b6456b8b

Package: pracma
Source: CRAN
Version: 2.1.5
Hash: 297dffb9be31c1227d5febf4f98a800c

Package: praise
Source: CRAN
Version: 1.0.0
Hash: 77da8f1df873a4b91e5c4a68fe2fb1b6

Package: prettyunits
Source: CRAN
Version: 1.0.2
Hash: 49286102a855640daaa38eafe8b1ec30
Requires: assertthat, magrittr

Package: processx
Source: github
Version: 3.2.0.9000
Hash: 4bc89dc39dd4f82d8daae4bf3f312b4f
Requires: R6, assertthat, crayon, ps
GithubRepo: processx
GithubUsername: r-lib
GithubRef: master
GithubSha1: 837434000d6aacf5567425a87cafbf9c3e83baae
RemoteHost: https://api.github.com
RemoteRepo: processx
RemoteUsername: r-lib
RemoteSha: 837434000d6aacf5567425a87cafbf9c3e83baae

Package: profvis
Source: CRAN
Version: 0.3.5
Hash: 68abff8877b3d436602a124262b83efe
Requires: htmlwidgets, stringr

Package: progress
Source: github
Version: 1.2.0.9000
Hash: 7e9859983410d9df28ab3c4d9e811d5d
Requires: R6, crayon, hms, prettyunits
GithubRepo: progress
GithubUsername: r-lib
GithubRef: master
GithubSha1: 54a14f5b11b2648502ee5dfe77589ab30ffa7299
RemoteHost: api.github.com
RemoteRepo: progress
RemoteUsername: r-lib
RemoteSha: 54a14f5b11b2648502ee5dfe77589ab30ffa7299

Package: promises
Source: CRAN
Version: 1.0.1
Hash: 824985241e0e54c11feefb8c8d4fb134
Requires: R6, Rcpp, later, magrittr, rlang

Package: ps
Source: CRAN
Version: 1.1.0
Hash: 730119cd27ec2d3270bc572a532e3f81

Package: purrr
Source: CRAN
Version: 0.2.5
Hash: 8b0c16db10c7e20b70cd37779a673a8b
Requires: magrittr, rlang, tibble

Package: rappdirs
Source: CRAN
Version: 0.3.1
Hash: 7340cfebc77ad7b107a549a8635e64dd

Package: rcmdcheck
Source: github
Version: 1.3.0.9000
Hash: aca0df732bfdb5f21cf6b10ad0025cd8
Requires: R6, callr, cli, crayon, desc, digest, pkgbuild, prettyunits,
    rprojroot, withr, xopen
GithubRepo: rcmdcheck
GithubUsername: r-lib
GithubRef: master
GithubSha1: 6a3afa275039325866186094673788ae39d457d6
RemoteHost: https://api.github.com
RemoteRepo: rcmdcheck
RemoteUsername: r-lib
RemoteSha: 6a3afa275039325866186094673788ae39d457d6

Package: rematch
Source: CRAN
Version: 1.0.1
Hash: ad4faf59e7611117ff165817074c50c7

Package: rematch2
Source: CRAN
Version: 2.0.1
Hash: b7f86a340a404c69cfb770dfd2081dd9
Requires: tibble

Package: remotes
Source: github
Version: 2.0.0.9000
Hash: 6208a91cea79ce0976ced34351cfd5cb
GithubRepo: remotes
GithubUsername: r-lib
GithubRef: master
GithubSha1: 15e515b6f1de35cc45a8f27d4830038b417a59cd
RemoteHost: https://api.github.com
RemoteRepo: remotes
RemoteUsername: r-lib
RemoteSha: 15e515b6f1de35cc45a8f27d4830038b417a59cd

Package: reprex
Source: CRAN
Version: 0.2.1
Hash: b30c7fbcb528a71d7ffcd07c9982589d
Requires: callr, clipr, fs, rlang, rmarkdown, whisker, withr

Package: reshape2
Source: CRAN
Version: 1.4.3
Hash: f50582f9059ab381cd38dd02697d8a88
Requires: Rcpp, plyr, stringr

Package: revdepcheck
Source: github
Version: 1.0.0.9000
Hash: 3b3ad9a51d257b85bea391ab6ba44a4f
Requires: DBI, RSQLite, assertthat, callr, cli, clisymbols, crancache,
    crayon, desc, glue, gmailr, jsonlite, knitr, prettyunits, processx,
    progress, rcmdcheck, remotes, sessioninfo, whoami, withr, yaml
GithubRepo: revdepcheck
GithubUsername: r-lib
GithubRef: master
GithubSha1: 1a435642f1901a37231689dcc2eb2d920282ef96
RemoteHost: api.github.com
RemoteRepo: revdepcheck
RemoteUsername: r-lib
RemoteSha: 1a435642f1901a37231689dcc2eb2d920282ef96

Package: rex
Source: CRAN
Version: 1.1.2
Hash: 57541aaae58f1a284a398f5c62c95097
Requires: lazyeval, magrittr

Package: rgl
Source: CRAN
Version: 0.99.16
Hash: 96c3d0064cb0fa845db2010b91e2b00d
Requires: crosstalk, htmltools, htmlwidgets, jsonlite, knitr, magrittr,
    manipulateWidget, shiny

Package: rhub
Source: CRAN
Version: 1.0.2
Hash: d9979f7dd6e9b5b85f6527943b4648ee
Requires: R6, assertthat, callr, clisymbols, crayon, desc, httr,
    jsonlite, parsedate, prettyunits, rappdirs, rcmdcheck, rematch,
    whoami, withr

Package: rlang
Source: CRAN
Version: 0.2.2
Hash: 49b735b7b1d14f561d21cce12c6703df

Package: rmarkdown
Source: CRAN
Version: 1.10
Hash: 02f1aac33000c63986c6b5585e36e7ae
Requires: base64enc, evaluate, htmltools, jsonlite, knitr, mime,
    rprojroot, stringr, tinytex, yaml

Package: roxygen2
Source: github
Version: 6.1.0.9000
Hash: b8bf1ec4886eee4949c8c26f6ec6a940
Requires: R6, Rcpp, brew, commonmark, desc, digest, pkgload, purrr,
    stringi, stringr, xml2
GithubRepo: roxygen
GithubUsername: klutometis
GithubRef: master
GithubSha1: cc34200a598d02850020c874fdd0d6a82747f28e
RemoteHost: https://api.github.com
RemoteRepo: roxygen
RemoteUsername: klutometis
RemoteSha: cc34200a598d02850020c874fdd0d6a82747f28e

Package: rprojroot
Source: CRAN
Version: 1.3-2
Hash: a25c3f70c166fb3fbabc410eb32b6366
Requires: backports

Package: rsconnect
Source: CRAN
Version: 0.8.8
Hash: 65aaa7b253eda0ec1dcd1b1352c7b3ee
Requires: PKI, RCurl, RJSONIO, digest, packrat, rstudioapi, yaml

Package: rstudioapi
Source: CRAN
Version: 0.8
Hash: 9ba7fe76dcaf96966c449527ca04bb78

Package: rversions
Source: CRAN
Version: 1.0.3
Hash: 44837671df6bf1d0b863dc6f83f42a16
Requires: curl, xml2

Package: scales
Source: CRAN
Version: 1.0.0
Hash: dd78d3c916916877f6d319b27534795e
Requires: R6, RColorBrewer, Rcpp, labeling, munsell, viridisLite

Package: scatterplot3d
Source: CRAN
Version: 0.3-41
Hash: b888e3767f9823ef3a1cbdcacca00836

Package: selectr
Source: CRAN
Version: 0.4-1
Hash: b12802c11e35dec9d16a74d30ed0f3ed
Requires: R6, stringr

Package: sessioninfo
Source: github
Version: 1.1.0.9001
Hash: bf3763a2e322709d214fbbd2e69ca066
Requires: cli, withr
GithubRepo: sessioninfo
GithubUsername: r-lib
GithubRef: master
GithubSha1: 96453643489f144a5b8d0cfb26387d69c4bd34d4
RemoteHost: https://api.github.com
RemoteRepo: sessioninfo
RemoteUsername: r-lib
RemoteSha: 96453643489f144a5b8d0cfb26387d69c4bd34d4

Package: shiny
Source: CRAN
Version: 1.1.0
Hash: ab653b45dba6dc82eef68fb1e18a3b1a
Requires: R6, crayon, digest, htmltools, httpuv, jsonlite, later, mime,
    promises, rlang, sourcetools, xtable

Package: snow
Source: CRAN
Version: 0.4-3
Hash: 73d7d98eba6f7a49573760bf7a9e4835

Package: sourcetools
Source: CRAN
Version: 0.1.7
Hash: d093478ac90064e670cd4bf1a99b47b6

Package: spelling
Source: CRAN
Version: 1.2
Hash: 084f65bd10a7253f957b616a3a257194
Requires: commonmark, hunspell, knitr, xml2

Package: stringdist
Source: CRAN
Version: 0.9.5.1
Hash: dbcc044753e1745d707f20b4b6fa1634

Package: stringi
Source: CRAN
Version: 1.1.7
Hash: d3dbb18da9a7b73a5b59416e33ad2cbd

Package: stringr
Source: CRAN
Version: 1.3.1
Hash: 9f417a1d899ed1f080942ab36998e8b5
Requires: glue, magrittr, stringi

Package: styler
Source: CRAN
Version: 1.0.2
Hash: a803f5288519f928124d6305af477120
Requires: backports, cli, enc, magrittr, purrr, rematch2, rlang,
    rprojroot, tibble, withr

Package: svglite
Source: CRAN
Version: 1.2.1
Hash: 715acb2d1ab1e4af000eb0843e048a91
Requires: BH, Rcpp, gdtools

Package: testthat
Source: github
Version: 2.0.0.9000
Hash: 12e3ee8741b4ea2b6743ff25b2bee11c
Requires: R6, cli, crayon, digest, magrittr, praise, rlang, withr
GithubRepo: testthat
GithubUsername: r-lib
GithubRef: master
GithubSha1: 8216ebe2d84028d1a7a315c5c17c15f93cad3d65
RemoteHost: https://api.github.com
RemoteRepo: testthat
RemoteUsername: r-lib
RemoteSha: 8216ebe2d84028d1a7a315c5c17c15f93cad3d65

Package: tibble
Source: CRAN
Version: 1.4.2
Hash: 83895360ce4f8d2ce92eee00526b5b0b
Requires: cli, crayon, pillar, rlang

Package: tinytex
Source: CRAN
Version: 0.8
Hash: bf76759350cd2bfec401d8861a61ad66
Requires: xfun

Package: usethis
Source: github
Version: 1.4.0.9000
Hash: 43498d0d9c8a7f98449169c8edc63a53
Requires: clipr, clisymbols, crayon, curl, desc, fs, gh, git2r, glue,
    rlang, rprojroot, rstudioapi, whisker, withr
GithubRepo: usethis
GithubUsername: r-lib
GithubRef: master
GithubSha1: 1e3c6a66e8b2d2790ee6d7e6d5651c52fb61abfc
RemoteHost: https://api.github.com
RemoteRepo: usethis
RemoteUsername: r-lib
RemoteSha: 1e3c6a66e8b2d2790ee6d7e6d5651c52fb61abfc

Package: utf8
Source: CRAN
Version: 1.1.4
Hash: f3f97ce59092abc8ed3fd098a59e236c

Package: vdiffr
Source: CRAN
Version: 0.2.3
Hash: 713bdafc84218d9b8e7542713a84eabd
Requires: R6, Rcpp, devtools, fontquiver, gdtools, glue, htmlwidgets,
    purrr, rlang, shiny, svglite, testthat, xml2

Package: vegan
Source: CRAN
Version: 2.5-2
Hash: 69bd667591f80a83214109501fc8ab48
Requires: permute

Package: viridisLite
Source: CRAN
Version: 0.3.0
Hash: 78bb072c4f9e729a283d4c40ec93f9c6

Package: wavethresh
Source: CRAN
Version: 4.6.8
Hash: 9fd3352aa8065f03bbbb3241042b28c3

Package: webshot
Source: CRAN
Version: 0.5.1
Hash: c95b36acba37ea1d6cd6e1c6fe2c2ecc
Requires: callr, jsonlite, magrittr

Package: whisker
Source: CRAN
Version: 0.3-2
Hash: 803d662762e532705c2c066a82d066e7

Package: whoami
Source: CRAN
Version: 1.2.0
Hash: 2b69d3bc3aa3c59db2dcf558faee8969
Requires: httr, jsonlite

Package: withr
Source: CRAN
Version: 2.1.2
Hash: d534108bcd5f34ec73e9eb523751ba20

Package: xfun
Source: CRAN
Version: 0.3
Hash: 3b1cb5fdcfb96c88e3f9ab0239fbd048

Package: xml2
Source: CRAN
Version: 1.2.0
Hash: f6170ae6632040144a2379e6d714e251
Requires: Rcpp

Package: xmlparsedata
Source: github
Version: 1.0.2
Hash: 477632e4ea9b3f506abf6965942f11ea
GithubRepo: xmlparsedata
GithubUsername: cran
GithubRef: master
GithubSha1: 445be4adb1d16f013bde9493dd63eff9a36c4510
RemoteHost: https://api.github.com
RemoteRepo: xmlparsedata
RemoteUsername: cran
RemoteSha: 445be4adb1d16f013bde9493dd63eff9a36c4510

Package: xopen
Source: CRAN
Version: 1.0.0
Hash: 8b6f6fc52d89c441e9532ba6efc47961
Requires: processx

Package: xtable
Source: CRAN
Version: 1.8-3
Hash: 857a3e7f33eac216c8d0d2fdbf0a3798

Package: xts
Source: CRAN
Version: 0.11-1
Hash: 1b644e93d6968c01b6d3891365fd124e
Requires: zoo

Package: yaml
Source: CRAN
Version: 2.2.0
Hash: a5ad5616d83d89f8d84cbf3cf4034e13

Package: zoo
Source: CRAN
Version: 1.8-4
Hash: 3edc81171d764bf644cfeb4bd0b77040
